
Microsoft Visual Studio Solution File, Format Version 12.00
# Visual Studio Version 17
VisualStudioVersion = 17.13.35913.81
MinimumVisualStudioVersion = 10.0.40219.1
Project("{FAE04EC0-301F-11D3-BF4B-00C04F79EFBC}") = "P2CAM.Core", "P2CAM.Core\P2CAM.Core.csproj", "{DAA978BA-522F-47B4-BF99-6E2E3942322A}"
EndProject
Project("{FAE04EC0-301F-11D3-BF4B-00C04F79EFBC}") = "P2CAM.UI.WinForms", "P2CAM.UI.WinForms\P2CAM.UI.WinForms.csproj", "{92B05E37-7C79-400F-81FB-B5305D05A070}"
EndProject
Project("{FAE04EC0-301F-11D3-BF4B-00C04F79EFBC}") = "P2CAM.UI.Avalonia", "P2CAM.UI.Avalonia\P2CAM.UI.Avalonia.csproj", "{2EE7517D-E15B-410D-A963-164617432096}"
EndProject
Global
	GlobalSection(SolutionConfigurationPlatforms) = preSolution
		Debug|Any CPU = Debug|Any CPU
		Release|Any CPU = Release|Any CPU
	EndGlobalSection
	GlobalSection(ProjectConfigurationPlatforms) = postSolution
		{DAA978BA-522F-47B4-BF99-6E2E3942322A}.Debug|Any CPU.ActiveCfg = Debug|Any CPU
		{DAA978BA-522F-47B4-BF99-6E2E3942322A}.Debug|Any CPU.Build.0 = Debug|Any CPU
		{DAA978BA-522F-47B4-BF99-6E2E3942322A}.Release|Any CPU.ActiveCfg = Release|Any CPU
		{DAA978BA-522F-47B4-BF99-6E2E3942322A}.Release|Any CPU.Build.0 = Release|Any CPU
		{92B05E37-7C79-400F-81FB-B5305D05A070}.Debug|Any CPU.ActiveCfg = Debug|Any CPU
		{92B05E37-7C79-400F-81FB-B5305D05A070}.Debug|Any CPU.Build.0 = Debug|Any CPU
		{92B05E37-7C79-400F-81FB-B5305D05A070}.Release|Any CPU.ActiveCfg = Release|Any CPU
		{92B05E37-7C79-400F-81FB-B5305D05A070}.Release|Any CPU.Build.0 = Release|Any CPU
		{2EE7517D-E15B-410D-A963-164617432096}.Debug|Any CPU.ActiveCfg = Debug|Any CPU
		{2EE7517D-E15B-410D-A963-164617432096}.Debug|Any CPU.Build.0 = Debug|Any CPU
		{2EE7517D-E15B-410D-A963-164617432096}.Release|Any CPU.ActiveCfg = Release|Any CPU
		{2EE7517D-E15B-410D-A963-164617432096}.Release|Any CPU.Build.0 = Release|Any CPU
	EndGlobalSection
	GlobalSection(SolutionProperties) = preSolution
		HideSolutionNode = FALSE
	EndGlobalSection
	GlobalSection(ExtensibilityGlobals) = postSolution
		SolutionGuid = {1387E01D-FDC4-422B-A2DC-A818804F2189}
	EndGlobalSection
EndGlobal
